{
  "name": "expressdemo",
  "version": "1.0.0",
  "lockfileVersion": 1,
  "requires": true,
  "dependencies": {
    "exprss": {
      "version": "0.0.1-security",
      "resolved": "https://registry.npmjs.org/exprss/-/exprss-0.0.1-security.tgz",
      "integrity": "sha512-DKC5vFMRLhPUMb4sXVqG32gIKiWCzMRprrANioz5iEhFCLtAx+uXIxT1dE7/4BhBDekLHNp2XdAAoIKqqkbmTA=="
    }
  }
}
